
Microsoft Visual Studio Solution File, Format Version 12.00
# Visual Studio Version 17
VisualStudioVersion = 17.5.002.0
MinimumVisualStudioVersion = 10.0.40219.1
Project("{9A19103F-16F7-4668-BE54-9A1E7A4F7556}") = "Backend", "Backend\Backend.csproj", "{B1BD268A-E535-4668-85A8-505B4C2FC031}"
EndProject
Global
	GlobalSection(SolutionConfigurationPlatforms) = preSolution
		Debug|Any CPU = Debug|Any CPU
		Release|Any CPU = Release|Any CPU
	EndGlobalSection
	GlobalSection(ProjectConfigurationPlatforms) = postSolution
		{B1BD268A-E535-4668-85A8-505B4C2FC031}.Debug|Any CPU.ActiveCfg = Debug|Any CPU
		{B1BD268A-E535-4668-85A8-505B4C2FC031}.Debug|Any CPU.Build.0 = Debug|Any CPU
		{B1BD268A-E535-4668-85A8-505B4C2FC031}.Release|Any CPU.ActiveCfg = Release|Any CPU
		{B1BD268A-E535-4668-85A8-505B4C2FC031}.Release|Any CPU.Build.0 = Release|Any CPU
	EndGlobalSection
	GlobalSection(SolutionProperties) = preSolution
		HideSolutionNode = FALSE
	EndGlobalSection
	GlobalSection(ExtensibilityGlobals) = postSolution
		SolutionGuid = {46268099-FD08-4E4D-A87F-67F371B625D0}
	EndGlobalSection
EndGlobal
